
Microsoft Visual Studio Solution File, Format Version 12.00
# Visual Studio Version 17
VisualStudioVersion = 17.4.33213.308
MinimumVisualStudioVersion = 10.0.40219.1
Project("{FAE04EC0-301F-11D3-BF4B-00C04F79EFBC}") = "TargetTest", "TargerTest\TargetTest.csproj", "{1AD474E1-DE7C-4A74-89B7-30B050432BA4}"
EndProject
Global
	GlobalSection(SolutionConfigurationPlatforms) = preSolution
		Debug|Any CPU = Debug|Any CPU
		Release|Any CPU = Release|Any CPU
	EndGlobalSection
	GlobalSection(ProjectConfigurationPlatforms) = postSolution
		{1AD474E1-DE7C-4A74-89B7-30B050432BA4}.Debug|Any CPU.ActiveCfg = Debug|Any CPU
		{1AD474E1-DE7C-4A74-89B7-30B050432BA4}.Debug|Any CPU.Build.0 = Debug|Any CPU
		{1AD474E1-DE7C-4A74-89B7-30B050432BA4}.Release|Any CPU.ActiveCfg = Release|Any CPU
		{1AD474E1-DE7C-4A74-89B7-30B050432BA4}.Release|Any CPU.Build.0 = Release|Any CPU
	EndGlobalSection
	GlobalSection(SolutionProperties) = preSolution
		HideSolutionNode = FALSE
	EndGlobalSection
	GlobalSection(ExtensibilityGlobals) = postSolution
		SolutionGuid = {2460326E-CE76-4CF3-8094-5D7921EDF896}
	EndGlobalSection
EndGlobal
